# This file is automatically @generated by tinymist.
# It is not intended for manual editing.
version = "0.1.0-beta0"

[[document]]
font-paths = ["file:../../../../../nix/store/nz1rxzy9wf6pb76bwyf7ivbb9f5kpvdr-roboto-3.012/share/fonts/truetype", "file:../../../../../nix/store/83b46dkwpn86j7f36sry2mwshhiyx25k-twemoji-color-font-15.1.0/share/fonts/truetype"]
id = "file:template/main.typ"
inputs = []
main = "file:template/main.typ"
root = "file:."
system-fonts = true

[[task]]
document = "file:template/main.typ"
id = "file:template/main.typ"
type = "export-pdf"
when = "never"
